
Microsoft Visual Studio Solution File, Format Version 12.00
# Visual Studio Version 18
VisualStudioVersion = 18.3.11222.16
MinimumVisualStudioVersion = 10.0.40219.1
Project("{FAE04EC0-301F-11D3-BF4B-00C04F79EFBC}") = "Domain", "Domain\Domain.csproj", "{B96E2767-025C-403F-B50C-505610D0FA4C}"
EndProject
Project("{FAE04EC0-301F-11D3-BF4B-00C04F79EFBC}") = "Application", "Application\Application.csproj", "{B304079A-F81F-45BE-98D2-B17887B39B72}"
EndProject
Project("{FAE04EC0-301F-11D3-BF4B-00C04F79EFBC}") = "Shared", "Shared\Shared.csproj", "{8CD55675-A52E-4ABA-B9F6-F659F8AD5627}"
EndProject
Project("{FAE04EC0-301F-11D3-BF4B-00C04F79EFBC}") = "Infrastructure", "Infrastructure\Infrastructure.csproj", "{217C359F-44A7-41B0-B16A-9AD2C9928DA9}"
EndProject
Project("{FAE04EC0-301F-11D3-BF4B-00C04F79EFBC}") = "WebUI", "WebApp\WebApp\WebUI.csproj", "{2F825E9A-032D-4F24-98F5-4C67FAAADA22}"
EndProject
Project("{FAE04EC0-301F-11D3-BF4B-00C04F79EFBC}") = "WebUI.Client", "WebApp\WebApp.Client\WebUI.Client.csproj", "{42A136C7-8013-44F2-8E82-807276F3041D}"
EndProject
Global
	GlobalSection(SolutionConfigurationPlatforms) = preSolution
		Debug|Any CPU = Debug|Any CPU
		Release|Any CPU = Release|Any CPU
	EndGlobalSection
	GlobalSection(ProjectConfigurationPlatforms) = postSolution
		{B96E2767-025C-403F-B50C-505610D0FA4C}.Debug|Any CPU.ActiveCfg = Debug|Any CPU
		{B96E2767-025C-403F-B50C-505610D0FA4C}.Debug|Any CPU.Build.0 = Debug|Any CPU
		{B96E2767-025C-403F-B50C-505610D0FA4C}.Release|Any CPU.ActiveCfg = Release|Any CPU
		{B96E2767-025C-403F-B50C-505610D0FA4C}.Release|Any CPU.Build.0 = Release|Any CPU
		{B304079A-F81F-45BE-98D2-B17887B39B72}.Debug|Any CPU.ActiveCfg = Debug|Any CPU
		{B304079A-F81F-45BE-98D2-B17887B39B72}.Debug|Any CPU.Build.0 = Debug|Any CPU
		{B304079A-F81F-45BE-98D2-B17887B39B72}.Release|Any CPU.ActiveCfg = Release|Any CPU
		{B304079A-F81F-45BE-98D2-B17887B39B72}.Release|Any CPU.Build.0 = Release|Any CPU
		{8CD55675-A52E-4ABA-B9F6-F659F8AD5627}.Debug|Any CPU.ActiveCfg = Debug|Any CPU
		{8CD55675-A52E-4ABA-B9F6-F659F8AD5627}.Debug|Any CPU.Build.0 = Debug|Any CPU
		{8CD55675-A52E-4ABA-B9F6-F659F8AD5627}.Release|Any CPU.ActiveCfg = Release|Any CPU
		{8CD55675-A52E-4ABA-B9F6-F659F8AD5627}.Release|Any CPU.Build.0 = Release|Any CPU
		{217C359F-44A7-41B0-B16A-9AD2C9928DA9}.Debug|Any CPU.ActiveCfg = Debug|Any CPU
		{217C359F-44A7-41B0-B16A-9AD2C9928DA9}.Debug|Any CPU.Build.0 = Debug|Any CPU
		{217C359F-44A7-41B0-B16A-9AD2C9928DA9}.Release|Any CPU.ActiveCfg = Release|Any CPU
		{217C359F-44A7-41B0-B16A-9AD2C9928DA9}.Release|Any CPU.Build.0 = Release|Any CPU
		{2F825E9A-032D-4F24-98F5-4C67FAAADA22}.Debug|Any CPU.ActiveCfg = Debug|Any CPU
		{2F825E9A-032D-4F24-98F5-4C67FAAADA22}.Debug|Any CPU.Build.0 = Debug|Any CPU
		{2F825E9A-032D-4F24-98F5-4C67FAAADA22}.Release|Any CPU.ActiveCfg = Release|Any CPU
		{2F825E9A-032D-4F24-98F5-4C67FAAADA22}.Release|Any CPU.Build.0 = Release|Any CPU
		{42A136C7-8013-44F2-8E82-807276F3041D}.Debug|Any CPU.ActiveCfg = Debug|Any CPU
		{42A136C7-8013-44F2-8E82-807276F3041D}.Debug|Any CPU.Build.0 = Debug|Any CPU
		{42A136C7-8013-44F2-8E82-807276F3041D}.Release|Any CPU.ActiveCfg = Release|Any CPU
		{42A136C7-8013-44F2-8E82-807276F3041D}.Release|Any CPU.Build.0 = Release|Any CPU
	EndGlobalSection
	GlobalSection(SolutionProperties) = preSolution
		HideSolutionNode = FALSE
	EndGlobalSection
	GlobalSection(ExtensibilityGlobals) = postSolution
		SolutionGuid = {1297BBC9-1FFD-4A4F-8A42-2F62F2DF5DC7}
	EndGlobalSection
EndGlobal
